{
  "projects": [
    {
      "projectId": "9cNFu5uUgyU7bdscBVSJpP",
      "version": "latest",
      "dependencies": {
        "xp1p7dmg329XVLHyuEUxD2": "11.32.0",
        "i3z63WaCLuRiSZRBwZC8d1": "6.17.0"
      },
      "lang": "ts",
      "fileLocks": [
        {
          "type": "globalVariant",
          "assetId": "VGHwH75qMKDi",
          "checksum": "9497511483ce370046a8333536cffa32"
        },
        {
          "type": "renderModule",
          "assetId": "BAhHYAtu1JkZ",
          "checksum": "fe92769c0705053db4485a3c5b78c95d"
        },
        {
          "type": "cssRules",
          "assetId": "BAhHYAtu1JkZ",
          "checksum": "fe92769c0705053db4485a3c5b78c95d"
        },
        {
          "type": "icon",
          "assetId": "Dbkas9k1Euqo",
          "checksum": "c87f61c1f2bc6f55e9e393ef537fc928"
        },
        {
          "type": "icon",
          "assetId": "pVgrb1UmjPb7",
          "checksum": "af515c962c0707655c94b51ff76f0292"
        },
        {
          "type": "icon",
          "assetId": "wQ9bl8EhiVsU",
          "checksum": "86eaad789639b1e6566d75bf2e88c808"
        },
        {
          "type": "icon",
          "assetId": "cmCQRVAzQyUK",
          "checksum": "e7eb98c226b42fe782889f3b66b59da3"
        },
        {
          "type": "icon",
          "assetId": "Wx-YB09JqluR",
          "checksum": "2e4869878094309d191fe385f13463fb"
        },
        {
          "type": "icon",
          "assetId": "HzU236noQJA0",
          "checksum": "c295897650ebd87dae6b527e2ffbfad3"
        },
        {
          "type": "icon",
          "assetId": "M54fZ2wdkSkK",
          "checksum": "435610205fbd1ef4451219c10450e657"
        },
        {
          "type": "icon",
          "assetId": "S6AG46R9kwEC",
          "checksum": "3a85408f85c18c38c3ae8b040da435ca"
        },
        {
          "type": "icon",
          "assetId": "iWt-anFPC4PF",
          "checksum": "f0564d17f960970acfb9a144213157b0"
        },
        {
          "type": "icon",
          "assetId": "Bp17E1bRES-s",
          "checksum": "e5c8eef90820eccaa53926416ac1577a"
        },
        {
          "type": "icon",
          "assetId": "NOiuSWTpdxCt",
          "checksum": "7027188594ebb24d55dcda414fe23a5f"
        },
        {
          "type": "icon",
          "assetId": "X41zQwH3rTYC",
          "checksum": "5aec7c2d38f3b097c2845b8c9810a495"
        },
        {
          "type": "icon",
          "assetId": "jncRSVdkyn7P",
          "checksum": "4d51fcdd6c890a1ed4e57a1bd7fabede"
        },
        {
          "type": "icon",
          "assetId": "Zvxf74M5ygA8",
          "checksum": "b98890c34ac92300e35d92c12c68f777"
        },
        {
          "type": "icon",
          "assetId": "pKdyVRBS9NJm",
          "checksum": "b45976ca58e4f81d072a58388a98ea93"
        },
        {
          "type": "icon",
          "assetId": "mDt1TrN-8BVO",
          "checksum": "7fe7f878064a7f4c7d22f850ed4e935e"
        },
        {
          "type": "icon",
          "assetId": "CAqOFnGdLYcu",
          "checksum": "bf45d79bed8dacceb80df63e8a3530d8"
        },
        {
          "type": "icon",
          "assetId": "lg4ihJUKz1XU",
          "checksum": "646de1d619e506399a67f6054aeee33d"
        },
        {
          "type": "icon",
          "assetId": "pDxiTIY9IoLl",
          "checksum": "75eba79faf59e4b06b92d414860a4ef3"
        },
        {
          "type": "icon",
          "assetId": "Qf3UDbCN5nVy",
          "checksum": "bec38d71aed868337c0a798b1266266b"
        },
        {
          "type": "icon",
          "assetId": "PlxzGUhWMijK",
          "checksum": "b10df8da1fdaa5488d534199f3d2cdc5"
        },
        {
          "type": "icon",
          "assetId": "ek6DKV8hPjDi",
          "checksum": "42a9dbb2e014f96a006cc1a60434d73e"
        },
        {
          "type": "icon",
          "assetId": "h2TwacQ_Hq6D",
          "checksum": "3417f460645314647927bfbbd61bb88d"
        },
        {
          "type": "icon",
          "assetId": "9261ON2pNIrN",
          "checksum": "4d6d9fafba7f31c5ae9db8cfb89d2a2b"
        },
        {
          "type": "icon",
          "assetId": "kJ_gq1oWlC7w",
          "checksum": "04c3a9b001909e4b2683b57f8cd838df"
        },
        {
          "type": "icon",
          "assetId": "nma5q7SozWsV",
          "checksum": "a0cd6c0c07eb5c98f67f432237ac0277"
        },
        {
          "type": "icon",
          "assetId": "k18GeiPOq9PK",
          "checksum": "8a6c2cc1baf88307fd50861216f33535"
        },
        {
          "type": "icon",
          "assetId": "ZZkNrXCjTUo2",
          "checksum": "df6fba7f43b06ec83278426c6e292745"
        },
        {
          "type": "icon",
          "assetId": "Hoa0mfFCiop5",
          "checksum": "1e3a9b442bde7b7cda0bb971ded1566a"
        },
        {
          "type": "icon",
          "assetId": "V2Q-myx05fUg",
          "checksum": "052e9228f12222d1e123ba0cae57f824"
        },
        {
          "type": "icon",
          "assetId": "aP7V4stcelO4",
          "checksum": "9788c04fcafb0e1222356a4efcaec644"
        },
        {
          "type": "icon",
          "assetId": "UtwNPIJubyfW",
          "checksum": "91ca8674ddaad9b8113630ac21cff17c"
        },
        {
          "type": "icon",
          "assetId": "k190FH7A61EG",
          "checksum": "b8229dd6e51055d93ef9e27571fbfc1b"
        },
        {
          "type": "icon",
          "assetId": "A3JBkfJKnpx-",
          "checksum": "d404d1fa7ae28eabf699bf9007dc7236"
        },
        {
          "type": "icon",
          "assetId": "5XqpRV3xRd9J",
          "checksum": "815e773936d0ffd12db4001c8b9e9016"
        },
        {
          "type": "icon",
          "assetId": "NQ3WvHRgJfTp",
          "checksum": "413e72dd399ebfd3f6de29a6249aefeb"
        },
        {
          "type": "icon",
          "assetId": "Jph77kwxvepv",
          "checksum": "27f1b29e95eb0dbd5c15de4cd5dd7963"
        },
        {
          "type": "icon",
          "assetId": "P0jFowpLZ2o-",
          "checksum": "48133b8f0f394d2c4c7b0b1c697e2322"
        },
        {
          "type": "icon",
          "assetId": "_RzwMCGoNA2i",
          "checksum": "9b8f8f9caa0675f2695461d197415722"
        },
        {
          "type": "icon",
          "assetId": "OMVpdY8rwAY-",
          "checksum": "d507c9665e167f3c4b0eb22f2f4fb26b"
        },
        {
          "type": "icon",
          "assetId": "waNhMSDGvQF6",
          "checksum": "c2e812b3d75ec08e4e621b10d7208351"
        },
        {
          "type": "icon",
          "assetId": "0Lvj5v0wW6U7",
          "checksum": "732db5289670e537233e95b70c146fe7"
        },
        {
          "type": "icon",
          "assetId": "7CtD7pFrtpvZ",
          "checksum": "1e3803416fe71f496de703d3b66de90a"
        },
        {
          "type": "icon",
          "assetId": "KnebgICFLb3A",
          "checksum": "2c9d744878b446f21710da68f3dce44b"
        },
        {
          "type": "icon",
          "assetId": "tbNoVbNY8Rc-",
          "checksum": "bcb57d701b6b5e0451304c833b837015"
        },
        {
          "type": "icon",
          "assetId": "BtGGJ1rt36Yx",
          "checksum": "fd8391548ca97c6a5d8bec7b3795ab52"
        },
        {
          "type": "icon",
          "assetId": "j5h1OKol7aeW",
          "checksum": "98d90c666124efdf252ac84df1cbf13f"
        },
        {
          "type": "icon",
          "assetId": "K-N6HXsjXLlS",
          "checksum": "2641905008689715631cd3dc6be9c466"
        },
        {
          "type": "icon",
          "assetId": "obdKPlnhAQu2",
          "checksum": "c0bbe613ea9478dfbf2f95922f5b5916"
        },
        {
          "type": "icon",
          "assetId": "cnWzvVUQsXQG",
          "checksum": "740ca415ff7f9fd8984a638a6e9a0aa5"
        },
        {
          "type": "icon",
          "assetId": "FmVJ94EI6fpA",
          "checksum": "b2a56e80c952086fd9f127c5153fedc7"
        },
        {
          "type": "icon",
          "assetId": "9KXL9Kbet9E8",
          "checksum": "de1867ac0b943ca1d7e8076c7010c29e"
        },
        {
          "type": "icon",
          "assetId": "7PP6PndjRFdN",
          "checksum": "5f4458a93f276c5e2e4fe5a84ff3404c"
        },
        {
          "type": "icon",
          "assetId": "SVICKjFasRdc",
          "checksum": "d899f02a9430d907b220b459f4800a01"
        },
        {
          "type": "icon",
          "assetId": "5Am4wVK_1l_1",
          "checksum": "8e4df313b7dbc635eaab6b0818175c30"
        },
        {
          "type": "icon",
          "assetId": "0TQrgrf9ev9l",
          "checksum": "7c3987d5c1bf7746b1852d54a3fa5337"
        },
        {
          "type": "icon",
          "assetId": "N_yqnmKKCtEJ",
          "checksum": "6288d5c0d9309ff2e4f49681782fa940"
        },
        {
          "type": "icon",
          "assetId": "EWjESMuP4d4W",
          "checksum": "7f933e82253884ea0daa47574c41e072"
        },
        {
          "type": "icon",
          "assetId": "cLrYso8DFLlK",
          "checksum": "7f63f1df2241c88f903ca81824176988"
        },
        {
          "type": "icon",
          "assetId": "Jl0ARsL8FGTd",
          "checksum": "8fac66566c21c72613ae6090b066a4f7"
        },
        {
          "type": "icon",
          "assetId": "KgoUfzFuLAbk",
          "checksum": "07b6a42f20203bd8fe02da941ceac0ac"
        },
        {
          "type": "image",
          "assetId": "ceMm-PY9_lRZ",
          "checksum": "918382573470254b0cb9ce690a1d1849"
        },
        {
          "type": "image",
          "assetId": "Do5zrMH1k3Mz",
          "checksum": "8a1d16a4db32ae7122746dd205791197"
        },
        {
          "type": "image",
          "assetId": "Qm9VKu9k3bZN",
          "checksum": "dc1febfbd5d47040905955436380c0c5"
        },
        {
          "type": "image",
          "assetId": "ovnfCYh1QNpo",
          "checksum": "ef9b949f792991d58bbd0c7f0a86fbd6"
        },
        {
          "type": "image",
          "assetId": "AFm7fA2qWGiX",
          "checksum": "fa073df706be2c93b27d0f2dad7319fc"
        },
        {
          "type": "image",
          "assetId": "0INDjkV3GdSo",
          "checksum": "e92439231ec80699fe307c339ce83045"
        },
        {
          "type": "image",
          "assetId": "s3uqdwOlnNqY",
          "checksum": "2429c723d8e50d96662638c10731c4c1"
        },
        {
          "type": "image",
          "assetId": "Ng2IAx13JnZf",
          "checksum": "355cc2905e85918bb480f5d673176c76"
        },
        {
          "type": "image",
          "assetId": "vzxStKTSbf2P",
          "checksum": "8c0ca341c0408990a637bc089ad36cce"
        },
        {
          "type": "image",
          "assetId": "jOabnq3erD6M",
          "checksum": "516293b36f25d3c24096babd8df57e9c"
        },
        {
          "type": "image",
          "assetId": "KREV470XUyyj",
          "checksum": "92a11b8c7d4cd030f873d181c93ff472"
        },
        {
          "type": "image",
          "assetId": "SFG1Nff38Vl_",
          "checksum": "e0e42973d08174377965e9446d005bc5"
        },
        {
          "type": "image",
          "assetId": "aWyUXD5FLMrh",
          "checksum": "1aa7a62eb24c69e6b975734684be1dab"
        },
        {
          "type": "image",
          "assetId": "XYODeMtHTUAD",
          "checksum": "a18686a2ece6277d2b57bd7c445a6f19"
        },
        {
          "type": "image",
          "assetId": "0zJkMmD7_Xv3",
          "checksum": "8e86633d2323100b733f640632bfe255"
        },
        {
          "type": "image",
          "assetId": "DmCoy3tXq_G_",
          "checksum": "e9896b1922a5da546a32c17c030e892c"
        },
        {
          "type": "image",
          "assetId": "hwxgbEM3-jKd",
          "checksum": "2029efa3cb21a1793ba6724604735aae"
        },
        {
          "type": "image",
          "assetId": "HfUOOkBtSue4",
          "checksum": "4d3345f3b3274e2e8df2eb617aee014f"
        },
        {
          "type": "image",
          "assetId": "zcTNQ6e_zEbk",
          "checksum": "be7fecacb20be84994cec1e5023b2725"
        },
        {
          "type": "image",
          "assetId": "rJgjtjWvBuV7",
          "checksum": "791f9d7b42330b9c64f30861679c01fe"
        },
        {
          "type": "image",
          "assetId": "1M9frRd1JOXS",
          "checksum": "f1dc554c609b6a2f990229558ba0ac81"
        },
        {
          "type": "image",
          "assetId": "N2l8ir2OiegR",
          "checksum": "9fdb61f71084c04fa5b76d2f60534c5a"
        },
        {
          "type": "image",
          "assetId": "mJdmIzOTMjrc",
          "checksum": "f541427963440169ab2de443740d784f"
        },
        {
          "type": "image",
          "assetId": "qGUi4oAH7ybg",
          "checksum": "5c012fef1c3992052f802ee99da00952"
        },
        {
          "type": "image",
          "assetId": "dwQmP7BBxP6Z",
          "checksum": "ba091ad7272a8a51b8a571160359802e"
        },
        {
          "type": "image",
          "assetId": "2W4lXqXXA2Wj",
          "checksum": "12095eb3e771e51f005678a830e4dab9"
        },
        {
          "type": "image",
          "assetId": "SXmcGlrLRc10",
          "checksum": "7f9201383fa4340ab882112ccdbc38ce"
        },
        {
          "type": "image",
          "assetId": "SLVBMg7Fo7a1",
          "checksum": "d11b94cc7b1f747e1fb2a7abdbe73fc4"
        },
        {
          "type": "image",
          "assetId": "ebnp8JJ3Asm7",
          "checksum": "3efadfd2520374def7d8153214acb9b9"
        },
        {
          "type": "image",
          "assetId": "bJ2opFElTsF7",
          "checksum": "56e75f4be67a1c4b5553c225a7a9f056"
        },
        {
          "type": "image",
          "assetId": "GeNpzqbr4AOv",
          "checksum": "2c9ee1f4bbded4a6a8a33c7254cd6074"
        },
        {
          "type": "image",
          "assetId": "0orbIe1QJlJg",
          "checksum": "a3f7db523c060415d468a80bb626e7a8"
        },
        {
          "type": "image",
          "assetId": "Kk4JBMJ2nBUn",
          "checksum": "267832eaa943064a7589200d4d690a09"
        },
        {
          "type": "image",
          "assetId": "x3U9yLR0QmYg",
          "checksum": "44bd41c038910c0380f57ac743270577"
        },
        {
          "type": "image",
          "assetId": "b7_zm8q2ib8w",
          "checksum": "26ffdfe9db8761058692486c8e2b6e96"
        },
        {
          "type": "image",
          "assetId": "0QN-Vztko_NE",
          "checksum": "53d69416a5ae9516475f818f3ce86350"
        },
        {
          "type": "image",
          "assetId": "sfUDqNeUdMmq",
          "checksum": "3e705ee07995b01680b94aefcbef6cf8"
        },
        {
          "type": "image",
          "assetId": "ZalhbGpcJwaE",
          "checksum": "feb17d5387d4d891ddb03032a81c2d90"
        },
        {
          "type": "image",
          "assetId": "wcbQPcnsPiuG",
          "checksum": "c1725da5f5fc3ab56e6871dfa737be32"
        },
        {
          "type": "image",
          "assetId": "FNKSwUcdnDiH",
          "checksum": "c7129fa878abeb525f83f7f26f202b77"
        },
        {
          "type": "image",
          "assetId": "a5A1mzR6id3K",
          "checksum": "1ba1b585473a94e9f6906712decdf7e5"
        },
        {
          "type": "image",
          "assetId": "EzzUfyFIjids",
          "checksum": "e2940a84fa63fa5b2fc6d9fd338c51ad"
        },
        {
          "type": "image",
          "assetId": "vHM8hbLHHJ5K",
          "checksum": "8be60211020f5064c04add7c385c2723"
        },
        {
          "type": "image",
          "assetId": "ISaGRlXyJBLo",
          "checksum": "413b28d8b48c85f14dc50f2c5c78700f"
        },
        {
          "type": "image",
          "assetId": "wVhpzMs7ZKZk",
          "checksum": "63a6894b6c738b0b48ef4d785ec1d300"
        },
        {
          "type": "image",
          "assetId": "ecemg42-prwT",
          "checksum": "484d9d52883e0c0b6f6bb3b4fd4d2746"
        },
        {
          "type": "image",
          "assetId": "bnSwst1TmzHD",
          "checksum": "ee3a9104274775bc52ec3097843f498b"
        },
        {
          "type": "image",
          "assetId": "LXcEv0D3jKmN",
          "checksum": "14ca2eed14ea0eedb20e76fd538cdb84"
        },
        {
          "type": "image",
          "assetId": "mSqYetRh030h",
          "checksum": "bf6ec5dd71159631a8501dcce31825ab"
        },
        {
          "type": "image",
          "assetId": "wOY-1On6A-3Y",
          "checksum": "b78fb9a9cc6bd646b8836f99ff5269d0"
        },
        {
          "type": "image",
          "assetId": "G8Y9FEMVmF-H",
          "checksum": "4298f442b41431f266d17d40fa154840"
        },
        {
          "assetId": "9cNFu5uUgyU7bdscBVSJpP",
          "checksum": "47e586c2b449ab00f7c286767a31d725",
          "type": "globalContexts"
        },
        {
          "assetId": "9cNFu5uUgyU7bdscBVSJpP",
          "type": "projectCss",
          "checksum": "3b2eb25320486a264ec198db4f93cab9"
        }
      ],
      "codegenVersion": "0.0.1"
    },
    {
      "projectId": "i3z63WaCLuRiSZRBwZC8d1",
      "version": "6.17.0",
      "dependencies": {},
      "lang": "ts",
      "fileLocks": [
        {
          "assetId": "i3z63WaCLuRiSZRBwZC8d1",
          "type": "projectCss",
          "checksum": "e1ec850476829c38b0f9b6d4f7ac446a"
        },
        {
          "assetId": "i3z63WaCLuRiSZRBwZC8d1",
          "checksum": "2231a02fc246352d0dd609a63e28d8fb",
          "type": "globalContexts"
        }
      ],
      "codegenVersion": "0.0.1"
    },
    {
      "projectId": "xp1p7dmg329XVLHyuEUxD2",
      "version": "11.32.0",
      "dependencies": {},
      "lang": "ts",
      "fileLocks": [
        {
          "assetId": "xp1p7dmg329XVLHyuEUxD2",
          "type": "projectCss",
          "checksum": "1b891cf9539f1db972dc4163ae1172e9"
        }
      ],
      "codegenVersion": "0.0.1"
    }
  ],
  "cliVersion": "0.1.330"
}
